
Microsoft Visual Studio Solution File, Format Version 12.00
# Visual Studio Version 16
VisualStudioVersion = 16.0.31112.23
MinimumVisualStudioVersion = 10.0.40219.1
Project("{8BC9CEB8-8B4A-11D0-8D11-00A0C91BC942}") = "ALL_BUILD", "ALL_BUILD.vcxproj", "{56465534-60CE-3F9E-B4A0-EEB81CD3917A}"
	ProjectSection(ProjectDependencies) = postProject
		{1067D3B3-707E-304B-B0CC-BDA0867421F7} = {1067D3B3-707E-304B-B0CC-BDA0867421F7}
		{4EF5C1C0-8D87-37C5-9B9B-9DA17B4199BA} = {4EF5C1C0-8D87-37C5-9B9B-9DA17B4199BA}
	EndProjectSection
EndProject
Project("{8BC9CEB8-8B4A-11D0-8D11-00A0C91BC942}") = "HaVoC", "HaVoC.vcxproj", "{1067D3B3-707E-304B-B0CC-BDA0867421F7}"
	ProjectSection(ProjectDependencies) = postProject
		{4EF5C1C0-8D87-37C5-9B9B-9DA17B4199BA} = {4EF5C1C0-8D87-37C5-9B9B-9DA17B4199BA}
	EndProjectSection
EndProject
Project("{8BC9CEB8-8B4A-11D0-8D11-00A0C91BC942}") = "ZERO_CHECK", "ZERO_CHECK.vcxproj", "{4EF5C1C0-8D87-37C5-9B9B-9DA17B4199BA}"
EndProject
Project("{2150E333-8FDC-42A3-9474-1A3956D46DE8}") = "Solution Items", "Solution Items", "{CF177946-887F-49BE-9FA5-4125E6BA21F8}"
	ProjectSection(SolutionItems) = preProject
		src\cpu\cpu.h = src\cpu\cpu.h
	EndProjectSection
EndProject
Global
	GlobalSection(SolutionConfigurationPlatforms) = preSolution
		Debug|x64 = Debug|x64
		MinSizeRel|x64 = MinSizeRel|x64
		Release|x64 = Release|x64
		RelWithDebInfo|x64 = RelWithDebInfo|x64
	EndGlobalSection
	GlobalSection(ProjectConfigurationPlatforms) = postSolution
		{56465534-60CE-3F9E-B4A0-EEB81CD3917A}.Debug|x64.ActiveCfg = Debug|x64
		{56465534-60CE-3F9E-B4A0-EEB81CD3917A}.MinSizeRel|x64.ActiveCfg = MinSizeRel|x64
		{56465534-60CE-3F9E-B4A0-EEB81CD3917A}.Release|x64.ActiveCfg = Release|x64
		{56465534-60CE-3F9E-B4A0-EEB81CD3917A}.RelWithDebInfo|x64.ActiveCfg = RelWithDebInfo|x64
		{1067D3B3-707E-304B-B0CC-BDA0867421F7}.Debug|x64.ActiveCfg = Debug|x64
		{1067D3B3-707E-304B-B0CC-BDA0867421F7}.Debug|x64.Build.0 = Debug|x64
		{1067D3B3-707E-304B-B0CC-BDA0867421F7}.MinSizeRel|x64.ActiveCfg = MinSizeRel|x64
		{1067D3B3-707E-304B-B0CC-BDA0867421F7}.MinSizeRel|x64.Build.0 = MinSizeRel|x64
		{1067D3B3-707E-304B-B0CC-BDA0867421F7}.Release|x64.ActiveCfg = Release|x64
		{1067D3B3-707E-304B-B0CC-BDA0867421F7}.Release|x64.Build.0 = Release|x64
		{1067D3B3-707E-304B-B0CC-BDA0867421F7}.RelWithDebInfo|x64.ActiveCfg = RelWithDebInfo|x64
		{1067D3B3-707E-304B-B0CC-BDA0867421F7}.RelWithDebInfo|x64.Build.0 = RelWithDebInfo|x64
		{4EF5C1C0-8D87-37C5-9B9B-9DA17B4199BA}.Debug|x64.ActiveCfg = Debug|x64
		{4EF5C1C0-8D87-37C5-9B9B-9DA17B4199BA}.Debug|x64.Build.0 = Debug|x64
		{4EF5C1C0-8D87-37C5-9B9B-9DA17B4199BA}.MinSizeRel|x64.ActiveCfg = MinSizeRel|x64
		{4EF5C1C0-8D87-37C5-9B9B-9DA17B4199BA}.MinSizeRel|x64.Build.0 = MinSizeRel|x64
		{4EF5C1C0-8D87-37C5-9B9B-9DA17B4199BA}.Release|x64.ActiveCfg = Release|x64
		{4EF5C1C0-8D87-37C5-9B9B-9DA17B4199BA}.Release|x64.Build.0 = Release|x64
		{4EF5C1C0-8D87-37C5-9B9B-9DA17B4199BA}.RelWithDebInfo|x64.ActiveCfg = RelWithDebInfo|x64
		{4EF5C1C0-8D87-37C5-9B9B-9DA17B4199BA}.RelWithDebInfo|x64.Build.0 = RelWithDebInfo|x64
	EndGlobalSection
	GlobalSection(SolutionProperties) = preSolution
		HideSolutionNode = FALSE
	EndGlobalSection
	GlobalSection(ExtensibilityGlobals) = postSolution
		SolutionGuid = {3A3D5611-4DB1-3B62-AF29-5F737710D1A7}
	EndGlobalSection
EndGlobal
