
Microsoft Visual Studio Solution File, Format Version 12.00
# Visual Studio Version 16
VisualStudioVersion = 16.0.31025.194
MinimumVisualStudioVersion = 10.0.40219.1
Project("{8BC9CEB8-8B4A-11D0-8D11-00A0C91BC942}") = "ALL_BUILD", "ALL_BUILD.vcxproj", "{CEB96DCE-87BC-3232-BD11-0D603DCF67AA}"
	ProjectSection(ProjectDependencies) = postProject
		{97E5A2CD-2BB4-3046-AA46-0E03F3675A87} = {97E5A2CD-2BB4-3046-AA46-0E03F3675A87}
		{63107EE1-3788-3CA0-B14E-B477348E552E} = {63107EE1-3788-3CA0-B14E-B477348E552E}
	EndProjectSection
EndProject
Project("{8BC9CEB8-8B4A-11D0-8D11-00A0C91BC942}") = "HaVoC", "HaVoC.vcxproj", "{97E5A2CD-2BB4-3046-AA46-0E03F3675A87}"
	ProjectSection(ProjectDependencies) = postProject
		{63107EE1-3788-3CA0-B14E-B477348E552E} = {63107EE1-3788-3CA0-B14E-B477348E552E}
	EndProjectSection
EndProject
Project("{8BC9CEB8-8B4A-11D0-8D11-00A0C91BC942}") = "ZERO_CHECK", "ZERO_CHECK.vcxproj", "{63107EE1-3788-3CA0-B14E-B477348E552E}"
EndProject
Global
	GlobalSection(SolutionConfigurationPlatforms) = preSolution
		Debug|x64 = Debug|x64
		MinSizeRel|x64 = MinSizeRel|x64
		Release|x64 = Release|x64
		RelWithDebInfo|x64 = RelWithDebInfo|x64
	EndGlobalSection
	GlobalSection(ProjectConfigurationPlatforms) = postSolution
		{CEB96DCE-87BC-3232-BD11-0D603DCF67AA}.Debug|x64.ActiveCfg = Debug|x64
		{CEB96DCE-87BC-3232-BD11-0D603DCF67AA}.MinSizeRel|x64.ActiveCfg = MinSizeRel|x64
		{CEB96DCE-87BC-3232-BD11-0D603DCF67AA}.Release|x64.ActiveCfg = Release|x64
		{CEB96DCE-87BC-3232-BD11-0D603DCF67AA}.RelWithDebInfo|x64.ActiveCfg = RelWithDebInfo|x64
		{97E5A2CD-2BB4-3046-AA46-0E03F3675A87}.Debug|x64.ActiveCfg = Debug|x64
		{97E5A2CD-2BB4-3046-AA46-0E03F3675A87}.Debug|x64.Build.0 = Debug|x64
		{97E5A2CD-2BB4-3046-AA46-0E03F3675A87}.MinSizeRel|x64.ActiveCfg = MinSizeRel|x64
		{97E5A2CD-2BB4-3046-AA46-0E03F3675A87}.MinSizeRel|x64.Build.0 = MinSizeRel|x64
		{97E5A2CD-2BB4-3046-AA46-0E03F3675A87}.Release|x64.ActiveCfg = Release|x64
		{97E5A2CD-2BB4-3046-AA46-0E03F3675A87}.Release|x64.Build.0 = Release|x64
		{97E5A2CD-2BB4-3046-AA46-0E03F3675A87}.RelWithDebInfo|x64.ActiveCfg = RelWithDebInfo|x64
		{97E5A2CD-2BB4-3046-AA46-0E03F3675A87}.RelWithDebInfo|x64.Build.0 = RelWithDebInfo|x64
		{63107EE1-3788-3CA0-B14E-B477348E552E}.Debug|x64.ActiveCfg = Debug|x64
		{63107EE1-3788-3CA0-B14E-B477348E552E}.Debug|x64.Build.0 = Debug|x64
		{63107EE1-3788-3CA0-B14E-B477348E552E}.MinSizeRel|x64.ActiveCfg = MinSizeRel|x64
		{63107EE1-3788-3CA0-B14E-B477348E552E}.MinSizeRel|x64.Build.0 = MinSizeRel|x64
		{63107EE1-3788-3CA0-B14E-B477348E552E}.Release|x64.ActiveCfg = Release|x64
		{63107EE1-3788-3CA0-B14E-B477348E552E}.Release|x64.Build.0 = Release|x64
		{63107EE1-3788-3CA0-B14E-B477348E552E}.RelWithDebInfo|x64.ActiveCfg = RelWithDebInfo|x64
		{63107EE1-3788-3CA0-B14E-B477348E552E}.RelWithDebInfo|x64.Build.0 = RelWithDebInfo|x64
	EndGlobalSection
	GlobalSection(SolutionProperties) = preSolution
		HideSolutionNode = FALSE
	EndGlobalSection
	GlobalSection(ExtensibilityGlobals) = postSolution
		SolutionGuid = {18A61267-AFFF-3190-A0E8-F930A91B74A3}
	EndGlobalSection
EndGlobal
